
Microsoft Visual Studio Solution File, Format Version 12.00
# Visual Studio Version 16
VisualStudioVersion = 25.0.1705.2
MinimumVisualStudioVersion = 10.0.40219.1
Project("{FAE04EC0-301F-11D3-BF4B-00C04F79EFBC}") = "IS_Lab5_SOAPCS", "IS_Lab5_SOAPCS\IS_Lab5_SOAPCS.csproj", "{377C64E6-8CF5-4C6C-A45C-5000C2D80EF3}"
EndProject
Global
	GlobalSection(SolutionConfigurationPlatforms) = preSolution
		Debug|Any CPU = Debug|Any CPU
		Release|Any CPU = Release|Any CPU
	EndGlobalSection
	GlobalSection(ProjectConfigurationPlatforms) = postSolution
		{377C64E6-8CF5-4C6C-A45C-5000C2D80EF3}.Debug|Any CPU.ActiveCfg = Debug|Any CPU
		{377C64E6-8CF5-4C6C-A45C-5000C2D80EF3}.Debug|Any CPU.Build.0 = Debug|Any CPU
		{377C64E6-8CF5-4C6C-A45C-5000C2D80EF3}.Release|Any CPU.ActiveCfg = Release|Any CPU
		{377C64E6-8CF5-4C6C-A45C-5000C2D80EF3}.Release|Any CPU.Build.0 = Release|Any CPU
	EndGlobalSection
	GlobalSection(SolutionProperties) = preSolution
		HideSolutionNode = FALSE
	EndGlobalSection
	GlobalSection(ExtensibilityGlobals) = postSolution
		SolutionGuid = {7BB81143-1C55-4799-8785-A5A27110D4F0}
	EndGlobalSection
EndGlobal
