
Microsoft Visual Studio Solution File, Format Version 12.00
Project("{FAE04EC0-301F-11D3-BF4B-00C04F79EFBC}") = "WebApplication", "WebApplication\WebApplication.csproj", "{DC2E8798-ED41-4760-A8F8-BE7A00C5F63B}"
EndProject
Global
	GlobalSection(SolutionConfigurationPlatforms) = preSolution
		Debug|Any CPU = Debug|Any CPU
		Release|Any CPU = Release|Any CPU
	EndGlobalSection
	GlobalSection(ProjectConfigurationPlatforms) = postSolution
		{DC2E8798-ED41-4760-A8F8-BE7A00C5F63B}.Debug|Any CPU.ActiveCfg = Debug|Any CPU
		{DC2E8798-ED41-4760-A8F8-BE7A00C5F63B}.Debug|Any CPU.Build.0 = Debug|Any CPU
		{DC2E8798-ED41-4760-A8F8-BE7A00C5F63B}.Release|Any CPU.ActiveCfg = Release|Any CPU
		{DC2E8798-ED41-4760-A8F8-BE7A00C5F63B}.Release|Any CPU.Build.0 = Release|Any CPU
	EndGlobalSection
EndGlobal
